
Microsoft Visual Studio Solution File, Format Version 12.00
# Visual Studio Version 17
VisualStudioVersion = 17.0.31919.166
MinimumVisualStudioVersion = 10.0.40219.1
Project("{FAE04EC0-301F-11D3-BF4B-00C04F79EFBC}") = "Isaev.Lab5.Num1", "Isaev.Lab5.Num1\Isaev.Lab5.Num1.csproj", "{730B0059-667F-471C-950E-A098CD3A3CD5}"
EndProject
Project("{FAE04EC0-301F-11D3-BF4B-00C04F79EFBC}") = "Isaev.Lab5.Num2", "Isaev.Lab5.Num2\Isaev.Lab5.Num2.csproj", "{24276BCA-1529-448B-958C-5D37D8E0809B}"
EndProject
Project("{FAE04EC0-301F-11D3-BF4B-00C04F79EFBC}") = "Isaev.Lab5.Num3", "Isaev.Lab5.Num3\Isaev.Lab5.Num3.csproj", "{60920BC1-01BC-4DD7-B279-26DA8891202B}"
EndProject
Global
	GlobalSection(SolutionConfigurationPlatforms) = preSolution
		Debug|Any CPU = Debug|Any CPU
		Release|Any CPU = Release|Any CPU
	EndGlobalSection
	GlobalSection(ProjectConfigurationPlatforms) = postSolution
		{730B0059-667F-471C-950E-A098CD3A3CD5}.Debug|Any CPU.ActiveCfg = Debug|Any CPU
		{730B0059-667F-471C-950E-A098CD3A3CD5}.Debug|Any CPU.Build.0 = Debug|Any CPU
		{730B0059-667F-471C-950E-A098CD3A3CD5}.Release|Any CPU.ActiveCfg = Release|Any CPU
		{730B0059-667F-471C-950E-A098CD3A3CD5}.Release|Any CPU.Build.0 = Release|Any CPU
		{24276BCA-1529-448B-958C-5D37D8E0809B}.Debug|Any CPU.ActiveCfg = Debug|Any CPU
		{24276BCA-1529-448B-958C-5D37D8E0809B}.Debug|Any CPU.Build.0 = Debug|Any CPU
		{24276BCA-1529-448B-958C-5D37D8E0809B}.Release|Any CPU.ActiveCfg = Release|Any CPU
		{24276BCA-1529-448B-958C-5D37D8E0809B}.Release|Any CPU.Build.0 = Release|Any CPU
		{60920BC1-01BC-4DD7-B279-26DA8891202B}.Debug|Any CPU.ActiveCfg = Debug|Any CPU
		{60920BC1-01BC-4DD7-B279-26DA8891202B}.Debug|Any CPU.Build.0 = Debug|Any CPU
		{60920BC1-01BC-4DD7-B279-26DA8891202B}.Release|Any CPU.ActiveCfg = Release|Any CPU
		{60920BC1-01BC-4DD7-B279-26DA8891202B}.Release|Any CPU.Build.0 = Release|Any CPU
	EndGlobalSection
	GlobalSection(SolutionProperties) = preSolution
		HideSolutionNode = FALSE
	EndGlobalSection
	GlobalSection(ExtensibilityGlobals) = postSolution
		SolutionGuid = {7BCF697F-6C17-4917-B720-79B8E5870D74}
	EndGlobalSection
EndGlobal
